
Microsoft Visual Studio Solution File, Format Version 12.00
# Visual Studio Version 17
VisualStudioVersion = 17.9.34728.123
MinimumVisualStudioVersion = 10.0.40219.1
Project("{FAE04EC0-301F-11D3-BF4B-00C04F79EFBC}") = "DemoCadastro", "DemoCadastro\DemoCadastro.csproj", "{D993DF4A-0C79-4C94-AA25-35454C5D2D4E}"
EndProject
Global
	GlobalSection(SolutionConfigurationPlatforms) = preSolution
		Debug|Any CPU = Debug|Any CPU
		Release|Any CPU = Release|Any CPU
	EndGlobalSection
	GlobalSection(ProjectConfigurationPlatforms) = postSolution
		{D993DF4A-0C79-4C94-AA25-35454C5D2D4E}.Debug|Any CPU.ActiveCfg = Debug|Any CPU
		{D993DF4A-0C79-4C94-AA25-35454C5D2D4E}.Debug|Any CPU.Build.0 = Debug|Any CPU
		{D993DF4A-0C79-4C94-AA25-35454C5D2D4E}.Release|Any CPU.ActiveCfg = Release|Any CPU
		{D993DF4A-0C79-4C94-AA25-35454C5D2D4E}.Release|Any CPU.Build.0 = Release|Any CPU
	EndGlobalSection
	GlobalSection(SolutionProperties) = preSolution
		HideSolutionNode = FALSE
	EndGlobalSection
	GlobalSection(ExtensibilityGlobals) = postSolution
		SolutionGuid = {4AD92AE4-CA97-4BF9-B2F0-FF35F72788FF}
	EndGlobalSection
EndGlobal
